
Microsoft Visual Studio Solution File, Format Version 12.00
# Visual Studio 15
VisualStudioVersion = 15.0.26403.7
MinimumVisualStudioVersion = 10.0.40219.1
Project("{9A19103F-16F7-4668-BE54-9A1E7A4F7556}") = "ConsoleCore", "ConsoleCore.csproj", "{BEDDCA9B-04D4-491C-AFC8-0E15DFB843F8}"
EndProject
Global
	GlobalSection(SolutionConfigurationPlatforms) = preSolution
		Debug|Any CPU = Debug|Any CPU
		Release|Any CPU = Release|Any CPU
	EndGlobalSection
	GlobalSection(ProjectConfigurationPlatforms) = postSolution
		{EFCB5629-5CFE-4117-8FC5-1A7E88C735A9}.Debug|Any CPU.ActiveCfg = Debug|Any CPU
		{EFCB5629-5CFE-4117-8FC5-1A7E88C735A9}.Debug|Any CPU.Build.0 = Debug|Any CPU
		{EFCB5629-5CFE-4117-8FC5-1A7E88C735A9}.Release|Any CPU.ActiveCfg = Release|Any CPU
		{EFCB5629-5CFE-4117-8FC5-1A7E88C735A9}.Release|Any CPU.Build.0 = Release|Any CPU
		{3B1A9967-6A08-4A0D-9624-F7B68357ACC7}.Debug|Any CPU.ActiveCfg = Debug|Any CPU
		{3B1A9967-6A08-4A0D-9624-F7B68357ACC7}.Debug|Any CPU.Build.0 = Debug|Any CPU
		{3B1A9967-6A08-4A0D-9624-F7B68357ACC7}.Release|Any CPU.ActiveCfg = Release|Any CPU
		{3B1A9967-6A08-4A0D-9624-F7B68357ACC7}.Release|Any CPU.Build.0 = Release|Any CPU
		{7277AC3C-2779-408F-B7A8-ED303C86E4DB}.Debug|Any CPU.ActiveCfg = Debug|Any CPU
		{7277AC3C-2779-408F-B7A8-ED303C86E4DB}.Debug|Any CPU.Build.0 = Debug|Any CPU
		{7277AC3C-2779-408F-B7A8-ED303C86E4DB}.Release|Any CPU.ActiveCfg = Release|Any CPU
		{7277AC3C-2779-408F-B7A8-ED303C86E4DB}.Release|Any CPU.Build.0 = Release|Any CPU
		{362F34DF-2850-43CB-B449-82ED6BF0078C}.Debug|Any CPU.ActiveCfg = Debug|Any CPU
		{362F34DF-2850-43CB-B449-82ED6BF0078C}.Debug|Any CPU.Build.0 = Debug|Any CPU
		{362F34DF-2850-43CB-B449-82ED6BF0078C}.Release|Any CPU.ActiveCfg = Release|Any CPU
		{362F34DF-2850-43CB-B449-82ED6BF0078C}.Release|Any CPU.Build.0 = Release|Any CPU
		{4E60BB6E-A543-4E68-A4A8-408C4561C91D}.Debug|Any CPU.ActiveCfg = Debug|Any CPU
		{4E60BB6E-A543-4E68-A4A8-408C4561C91D}.Debug|Any CPU.Build.0 = Debug|Any CPU
		{4E60BB6E-A543-4E68-A4A8-408C4561C91D}.Release|Any CPU.ActiveCfg = Release|Any CPU
		{4E60BB6E-A543-4E68-A4A8-408C4561C91D}.Release|Any CPU.Build.0 = Release|Any CPU
		{E3DF2155-626A-44AF-AADB-98A124DA21CA}.Debug|Any CPU.ActiveCfg = Debug|Any CPU
		{E3DF2155-626A-44AF-AADB-98A124DA21CA}.Debug|Any CPU.Build.0 = Debug|Any CPU
		{E3DF2155-626A-44AF-AADB-98A124DA21CA}.Release|Any CPU.ActiveCfg = Release|Any CPU
		{E3DF2155-626A-44AF-AADB-98A124DA21CA}.Release|Any CPU.Build.0 = Release|Any CPU
		{BEDDCA9B-04D4-491C-AFC8-0E15DFB843F8}.Debug|Any CPU.ActiveCfg = Debug|Any CPU
		{BEDDCA9B-04D4-491C-AFC8-0E15DFB843F8}.Debug|Any CPU.Build.0 = Debug|Any CPU
		{BEDDCA9B-04D4-491C-AFC8-0E15DFB843F8}.Release|Any CPU.ActiveCfg = Release|Any CPU
		{BEDDCA9B-04D4-491C-AFC8-0E15DFB843F8}.Release|Any CPU.Build.0 = Release|Any CPU
		{ECCCFFF9-1043-454D-8544-7F4BF53E0955}.Debug|Any CPU.ActiveCfg = Debug|x64
		{ECCCFFF9-1043-454D-8544-7F4BF53E0955}.Debug|Any CPU.Build.0 = Debug|x64
		{ECCCFFF9-1043-454D-8544-7F4BF53E0955}.Release|Any CPU.ActiveCfg = Release|x64
		{ECCCFFF9-1043-454D-8544-7F4BF53E0955}.Release|Any CPU.Build.0 = Release|x64
		{E4EA7911-45C4-4D67-B148-85061C2C0841}.Debug|Any CPU.ActiveCfg = Debug|x64
		{E4EA7911-45C4-4D67-B148-85061C2C0841}.Debug|Any CPU.Build.0 = Debug|x64
		{E4EA7911-45C4-4D67-B148-85061C2C0841}.Debug|Any CPU.Deploy.0 = Debug|x64
		{E4EA7911-45C4-4D67-B148-85061C2C0841}.Release|Any CPU.ActiveCfg = Release|x64
		{E4EA7911-45C4-4D67-B148-85061C2C0841}.Release|Any CPU.Build.0 = Release|x64
		{E4EA7911-45C4-4D67-B148-85061C2C0841}.Release|Any CPU.Deploy.0 = Release|x64
		{60018519-56F4-4F1B-876C-341014C43B69}.Debug|Any CPU.ActiveCfg = Debug|x64
		{60018519-56F4-4F1B-876C-341014C43B69}.Debug|Any CPU.Build.0 = Debug|x64
		{60018519-56F4-4F1B-876C-341014C43B69}.Debug|Any CPU.Deploy.0 = Debug|x64
		{60018519-56F4-4F1B-876C-341014C43B69}.Release|Any CPU.ActiveCfg = Release|x64
		{60018519-56F4-4F1B-876C-341014C43B69}.Release|Any CPU.Build.0 = Release|x64
		{60018519-56F4-4F1B-876C-341014C43B69}.Release|Any CPU.Deploy.0 = Release|x64
		{BC9B8E4A-7748-4FBD-A102-F6B39F319ECB}.Debug|Any CPU.ActiveCfg = Debug|x64
		{BC9B8E4A-7748-4FBD-A102-F6B39F319ECB}.Debug|Any CPU.Build.0 = Debug|x64
		{BC9B8E4A-7748-4FBD-A102-F6B39F319ECB}.Debug|Any CPU.Deploy.0 = Debug|x64
		{BC9B8E4A-7748-4FBD-A102-F6B39F319ECB}.Release|Any CPU.ActiveCfg = Release|x64
		{BC9B8E4A-7748-4FBD-A102-F6B39F319ECB}.Release|Any CPU.Build.0 = Release|x64
		{BC9B8E4A-7748-4FBD-A102-F6B39F319ECB}.Release|Any CPU.Deploy.0 = Release|x64
		{4A0C85EA-7AC8-4F39-A6DA-388DAECFF293}.Debug|Any CPU.ActiveCfg = Debug|x64
		{4A0C85EA-7AC8-4F39-A6DA-388DAECFF293}.Debug|Any CPU.Build.0 = Debug|x64
		{4A0C85EA-7AC8-4F39-A6DA-388DAECFF293}.Debug|Any CPU.Deploy.0 = Debug|x64
		{4A0C85EA-7AC8-4F39-A6DA-388DAECFF293}.Release|Any CPU.ActiveCfg = Release|x64
		{4A0C85EA-7AC8-4F39-A6DA-388DAECFF293}.Release|Any CPU.Build.0 = Release|x64
		{4A0C85EA-7AC8-4F39-A6DA-388DAECFF293}.Release|Any CPU.Deploy.0 = Release|x64
	EndGlobalSection
	GlobalSection(SolutionProperties) = preSolution
		HideSolutionNode = FALSE
	EndGlobalSection
	GlobalSection(NestedProjects) = preSolution
		{EFCB5629-5CFE-4117-8FC5-1A7E88C735A9} = {4824675D-31F0-4CDE-8F2A-9786F26F9A64}
		{3B1A9967-6A08-4A0D-9624-F7B68357ACC7} = {F4A4A826-AA34-4A39-B6FD-4FA7F5AC6E07}
		{BEDDCA9B-04D4-491C-AFC8-0E15DFB843F8} = {419B1927-49AF-488B-8CAB-A0793BA30569}
		{ECCCFFF9-1043-454D-8544-7F4BF53E0955} = {419B1927-49AF-488B-8CAB-A0793BA30569}
		{E4EA7911-45C4-4D67-B148-85061C2C0841} = {F4A4A826-AA34-4A39-B6FD-4FA7F5AC6E07}
		{60018519-56F4-4F1B-876C-341014C43B69} = {F4A4A826-AA34-4A39-B6FD-4FA7F5AC6E07}
		{4A0C85EA-7AC8-4F39-A6DA-388DAECFF293} = {4824675D-31F0-4CDE-8F2A-9786F26F9A64}
	EndGlobalSection
	GlobalSection(ExtensibilityGlobals) = postSolution
		SolutionGuid = {DCB80E8D-8844-4CFB-AD63-D554117575EA}
	EndGlobalSection
EndGlobal
