
Microsoft Visual Studio Solution File, Format Version 12.00
# Visual Studio 15
VisualStudioVersion = 15.0.26403.7
MinimumVisualStudioVersion = 10.0.40219.1
Project("{9A19103F-16F7-4668-BE54-9A1E7A4F7556}") = "Next", "Next.csproj", "{BEDDCA9B-04D4-491C-AFC8-0E15DFB843F8}"
EndProject
Global
	GlobalSection(SolutionConfigurationPlatforms) = preSolution
		Debug|Any CPU = Debug|Any CPU
		Release|Any CPU = Release|Any CPU
	EndGlobalSection
	GlobalSection(ProjectConfigurationPlatforms) = postSolution
		{BEDDCA9B-04D4-491C-AFC8-0E15DFB843F8}.Debug|Any CPU.ActiveCfg = Debug|Any CPU
		{BEDDCA9B-04D4-491C-AFC8-0E15DFB843F8}.Debug|Any CPU.Build.0 = Debug|Any CPU
		{BEDDCA9B-04D4-491C-AFC8-0E15DFB843F8}.Release|Any CPU.ActiveCfg = Release|Any CPU
		{BEDDCA9B-04D4-491C-AFC8-0E15DFB843F8}.Release|Any CPU.Build.0 = Release|Any CPU
	EndGlobalSection
	GlobalSection(SolutionProperties) = preSolution
		HideSolutionNode = FALSE
	EndGlobalSection
	GlobalSection(NestedProjects) = preSolution
		{BEDDCA9B-04D4-491C-AFC8-0E15DFB843F8} = {419B1927-49AF-488B-8CAB-A0793BA30569}
	EndGlobalSection
	GlobalSection(ExtensibilityGlobals) = postSolution
		SolutionGuid = {DCB80E8D-8844-4CFB-AD63-D554117575EA}
	EndGlobalSection
EndGlobal
